<?xml version="1.0" encoding="UTF-8" standalone="yes" ?>
<CodeBlocks_project_file>
	<FileVersion major="1" minor="6" />
	<Project>
		<Option title="Game" />
		<Option makefile="makefile" />
		<Option pch_mode="2" />
		<Option compiler="gcc" />
		<Build>
			<Target title="Debug">
				<Option output="bin/GameDeb" prefix_auto="1" extension_auto="1" />
				<Option working_dir="bin" />
				<Option object_output="obj/Debug/" />
				<Option type="1" />
				<Option compiler="gcc" />
				<Compiler>
					<Add option="-g" />
				</Compiler>
			</Target>
			<Target title="Release">
				<Option output="bin/GameRel" prefix_auto="1" extension_auto="1" />
				<Option working_dir="bin" />
				<Option object_output="obj/Release/" />
				<Option type="1" />
				<Option compiler="gcc" />
				<Compiler>
					<Add option="-O2" />
				</Compiler>
				<Linker>
					<Add option="-s" />
				</Linker>
			</Target>
		</Build>
		<Compiler>
			<Add option="-std=c++11" />
			<Add option="-Wall" />
			<Add option="-Iinc/" />
			<Add directory="ext/SDL/include" />
			<Add directory="ext/glew/include" />
		</Compiler>
		<Linker>
			<Add option="-lmingw32" />
			<Add option="-lSDL2main" />
			<Add option="-lSDL2" />
			<Add option="-lSDL2_image" />
			<Add option="-lglew32s" />
			<Add option="-lopengl32" />
			<Add directory="ext/SDL/lib" />
			<Add directory="ext/glew/lib/Release/Win32" />
		</Linker>
		<Unit filename="inc/engine/gameengine.h" />
		<Unit filename="inc/engine/gamestate.h" />
		<Unit filename="inc/engine/glshaderprog.h" />
		<Unit filename="inc/menus/intromenustate.h" />
		<Unit filename="shaders/fragment.fs" />
		<Unit filename="shaders/fragment120.fs" />
		<Unit filename="shaders/vertex.vs" />
		<Unit filename="shaders/vertex120.fs" />
		<Unit filename="src/engine/gameengine.cpp" />
		<Unit filename="src/engine/glshaderprog.cpp" />
		<Unit filename="src/engine/intromenustate.cpp" />
		<Unit filename="src/main.cpp" />
		<Unit filename="src/menus/intromenustate.cpp" />
		<Extensions>
			<code_completion />
			<envvars />
			<debugger />
			<lib_finder disable_auto="1" />
		</Extensions>
	</Project>
</CodeBlocks_project_file>
